
Microsoft Visual Studio Solution File, Format Version 12.00
# Visual Studio Version 17
VisualStudioVersion = 17.5.002.0
MinimumVisualStudioVersion = 10.0.40219.1
Project("{9A19103F-16F7-4668-BE54-9A1E7A4F7556}") = "Ex4", "Ex4.csproj", "{10494649-65B5-4780-AC55-63F24CBED3EF}"
EndProject
Global
	GlobalSection(SolutionConfigurationPlatforms) = preSolution
		Debug|Any CPU = Debug|Any CPU
		Release|Any CPU = Release|Any CPU
	EndGlobalSection
	GlobalSection(ProjectConfigurationPlatforms) = postSolution
		{10494649-65B5-4780-AC55-63F24CBED3EF}.Debug|Any CPU.ActiveCfg = Debug|Any CPU
		{10494649-65B5-4780-AC55-63F24CBED3EF}.Debug|Any CPU.Build.0 = Debug|Any CPU
		{10494649-65B5-4780-AC55-63F24CBED3EF}.Release|Any CPU.ActiveCfg = Release|Any CPU
		{10494649-65B5-4780-AC55-63F24CBED3EF}.Release|Any CPU.Build.0 = Release|Any CPU
	EndGlobalSection
	GlobalSection(SolutionProperties) = preSolution
		HideSolutionNode = FALSE
	EndGlobalSection
	GlobalSection(ExtensibilityGlobals) = postSolution
		SolutionGuid = {FCD47079-C9B9-4785-B22E-B26B72B02A54}
	EndGlobalSection
EndGlobal
