
Microsoft Visual Studio Solution File, Format Version 12.00
# Visual Studio Version 17
VisualStudioVersion = 17.5.002.0
MinimumVisualStudioVersion = 10.0.40219.1
Project("{9A19103F-16F7-4668-BE54-9A1E7A4F7556}") = "Ex1", "Ex1.csproj", "{FC306440-8FC8-4EC7-9679-DEA0F9D0D7D7}"
EndProject
Global
	GlobalSection(SolutionConfigurationPlatforms) = preSolution
		Debug|Any CPU = Debug|Any CPU
		Release|Any CPU = Release|Any CPU
	EndGlobalSection
	GlobalSection(ProjectConfigurationPlatforms) = postSolution
		{FC306440-8FC8-4EC7-9679-DEA0F9D0D7D7}.Debug|Any CPU.ActiveCfg = Debug|Any CPU
		{FC306440-8FC8-4EC7-9679-DEA0F9D0D7D7}.Debug|Any CPU.Build.0 = Debug|Any CPU
		{FC306440-8FC8-4EC7-9679-DEA0F9D0D7D7}.Release|Any CPU.ActiveCfg = Release|Any CPU
		{FC306440-8FC8-4EC7-9679-DEA0F9D0D7D7}.Release|Any CPU.Build.0 = Release|Any CPU
	EndGlobalSection
	GlobalSection(SolutionProperties) = preSolution
		HideSolutionNode = FALSE
	EndGlobalSection
	GlobalSection(ExtensibilityGlobals) = postSolution
		SolutionGuid = {A3DBE8D8-C588-49E5-874F-5B435694B62A}
	EndGlobalSection
EndGlobal
