
Microsoft Visual Studio Solution File, Format Version 12.00
# Visual Studio Version 17
VisualStudioVersion = 17.5.002.0
MinimumVisualStudioVersion = 10.0.40219.1
Project("{9A19103F-16F7-4668-BE54-9A1E7A4F7556}") = "ex_4_3", "ex_4_3.csproj", "{9F549410-D768-4D7A-8879-85565253E771}"
EndProject
Global
	GlobalSection(SolutionConfigurationPlatforms) = preSolution
		Debug|Any CPU = Debug|Any CPU
		Release|Any CPU = Release|Any CPU
	EndGlobalSection
	GlobalSection(ProjectConfigurationPlatforms) = postSolution
		{9F549410-D768-4D7A-8879-85565253E771}.Debug|Any CPU.ActiveCfg = Debug|Any CPU
		{9F549410-D768-4D7A-8879-85565253E771}.Debug|Any CPU.Build.0 = Debug|Any CPU
		{9F549410-D768-4D7A-8879-85565253E771}.Release|Any CPU.ActiveCfg = Release|Any CPU
		{9F549410-D768-4D7A-8879-85565253E771}.Release|Any CPU.Build.0 = Release|Any CPU
	EndGlobalSection
	GlobalSection(SolutionProperties) = preSolution
		HideSolutionNode = FALSE
	EndGlobalSection
	GlobalSection(ExtensibilityGlobals) = postSolution
		SolutionGuid = {1F300F66-B0C9-44BB-A894-8A4BB8159259}
	EndGlobalSection
EndGlobal
